# This file was autogenerated by Stack.
# You should not edit this file by hand.
# For more information, please see the documentation at:
#   https://docs.haskellstack.org/en/stable/lock_files

packages:
- completed:
    commit: aeda224524466648342225373326eed63d31d1bf
    git: https://github.com/expipiplus1/vector-sized
    name: vector-sized
    pantry-tree:
      sha256: 3c22b906f0ab35a7d9a08c623b0601ec0bf3ed3df492b667d7bbc492d95ef6db
      size: 1731
    version: 1.6.0
  original:
    commit: aeda224524466648342225373326eed63d31d1bf
    git: https://github.com/expipiplus1/vector-sized
snapshots:
- completed:
    sha256: 1867d84255dff8c87373f5dd03e5a5cb1c10a99587e26c8793e750c54e83ffdc
    size: 639139
    url: https://raw.githubusercontent.com/commercialhaskell/stackage-snapshots/master/lts/21/0.yaml
  original: lts-21.0
